lockfileVersion: '9.0'

settings:
  autoInstallPeers: true
  excludeLinksFromLockfile: false

importers:

  .:
    devDependencies:
      hono:
        specifier: ^4.6.12
        version: 4.6.12

packages:

  hono@4.6.12:
    resolution: {integrity: sha512-eHtf4kSDNw6VVrdbd5IQi16r22m3s7mWPLd7xOMhg1a/Yyb1A0qpUFq8xYMX4FMuDe1nTKeMX5rTx7Nmw+a+Ag==}
    engines: {node: '>=16.9.0'}

snapshots:

  hono@4.6.12: {}
